
Microsoft Visual Studio Solution File, Format Version 12.00
# Visual Studio 15
VisualStudioVersion = 15.0.28307.168
MinimumVisualStudioVersion = 10.0.40219.1
Project("{FAE04EC0-301F-11D3-BF4B-00C04F79EFBC}") = "Server", "Server\Server.csproj", "{274EC51E-915C-47FC-8160-7B4958B8A628}"
EndProject
Project("{FAE04EC0-301F-11D3-BF4B-00C04F79EFBC}") = "BotClients", "..\BotClients\BotClients\BotClients.csproj", "{FCC52D56-FDB0-412A-B20B-7EC52EBB29B9}"
EndProject
Global
	GlobalSection(SolutionConfigurationPlatforms) = preSolution
		Debug|Any CPU = Debug|Any CPU
		Release|Any CPU = Release|Any CPU
	EndGlobalSection
	GlobalSection(ProjectConfigurationPlatforms) = postSolution
		{274EC51E-915C-47FC-8160-7B4958B8A628}.Debug|Any CPU.ActiveCfg = Debug|Any CPU
		{274EC51E-915C-47FC-8160-7B4958B8A628}.Debug|Any CPU.Build.0 = Debug|Any CPU
		{274EC51E-915C-47FC-8160-7B4958B8A628}.Release|Any CPU.ActiveCfg = Release|Any CPU
		{274EC51E-915C-47FC-8160-7B4958B8A628}.Release|Any CPU.Build.0 = Release|Any CPU
		{FCC52D56-FDB0-412A-B20B-7EC52EBB29B9}.Debug|Any CPU.ActiveCfg = Debug|Any CPU
		{FCC52D56-FDB0-412A-B20B-7EC52EBB29B9}.Debug|Any CPU.Build.0 = Debug|Any CPU
		{FCC52D56-FDB0-412A-B20B-7EC52EBB29B9}.Release|Any CPU.ActiveCfg = Release|Any CPU
		{FCC52D56-FDB0-412A-B20B-7EC52EBB29B9}.Release|Any CPU.Build.0 = Release|Any CPU
	EndGlobalSection
	GlobalSection(SolutionProperties) = preSolution
		HideSolutionNode = FALSE
	EndGlobalSection
	GlobalSection(ExtensibilityGlobals) = postSolution
		SolutionGuid = {E7E88031-E356-401D-B93F-C782F33780EB}
	EndGlobalSection
EndGlobal
